
Microsoft Visual Studio Solution File, Format Version 12.00
# Visual Studio Version 16
VisualStudioVersion = 16.0.35130.168
MinimumVisualStudioVersion = 10.0.40219.1
Project("{FAE04EC0-301F-11D3-BF4B-00C04F79EFBC}") = "PhotomodeMultiview", "PhotomodeMultiview.csproj", "{EC406AE9-9CB8-4A41-BC68-ED6672F32052}"
EndProject
Global
	GlobalSection(SolutionConfigurationPlatforms) = preSolution
		Debug|Any CPU = Debug|Any CPU
		Release|Any CPU = Release|Any CPU
	EndGlobalSection
	GlobalSection(ProjectConfigurationPlatforms) = postSolution
		{EC406AE9-9CB8-4A41-BC68-ED6672F32052}.Debug|Any CPU.ActiveCfg = Debug|Any CPU
		{EC406AE9-9CB8-4A41-BC68-ED6672F32052}.Debug|Any CPU.Build.0 = Debug|Any CPU
		{EC406AE9-9CB8-4A41-BC68-ED6672F32052}.Release|Any CPU.ActiveCfg = Release|Any CPU
		{EC406AE9-9CB8-4A41-BC68-ED6672F32052}.Release|Any CPU.Build.0 = Release|Any CPU
	EndGlobalSection
	GlobalSection(SolutionProperties) = preSolution
		HideSolutionNode = FALSE
	EndGlobalSection
	GlobalSection(ExtensibilityGlobals) = postSolution
		SolutionGuid = {EA6D0558-B409-4740-9772-2A76E9FAFBDB}
	EndGlobalSection
EndGlobal
